
Microsoft Visual Studio Solution File, Format Version 12.00
# Visual Studio Version 17
VisualStudioVersion = 17.14.36408.4 d17.14
MinimumVisualStudioVersion = 10.0.40219.1
Project("{FAE04EC0-301F-11D3-BF4B-00C04F79EFBC}") = "CarRentalCataloguee", "CarRentalCataloguee\CarRentalCataloguee.csproj", "{FF2CECE8-0150-43A2-ABAA-8DCD213A7780}"
EndProject
Global
	GlobalSection(SolutionConfigurationPlatforms) = preSolution
		Debug|Any CPU = Debug|Any CPU
		Release|Any CPU = Release|Any CPU
	EndGlobalSection
	GlobalSection(ProjectConfigurationPlatforms) = postSolution
		{FF2CECE8-0150-43A2-ABAA-8DCD213A7780}.Debug|Any CPU.ActiveCfg = Debug|Any CPU
		{FF2CECE8-0150-43A2-ABAA-8DCD213A7780}.Debug|Any CPU.Build.0 = Debug|Any CPU
		{FF2CECE8-0150-43A2-ABAA-8DCD213A7780}.Release|Any CPU.ActiveCfg = Release|Any CPU
		{FF2CECE8-0150-43A2-ABAA-8DCD213A7780}.Release|Any CPU.Build.0 = Release|Any CPU
	EndGlobalSection
	GlobalSection(SolutionProperties) = preSolution
		HideSolutionNode = FALSE
	EndGlobalSection
	GlobalSection(ExtensibilityGlobals) = postSolution
		SolutionGuid = {47ABBF6B-3890-4535-BBFD-55447B41BF77}
	EndGlobalSection
EndGlobal
